
Microsoft Visual Studio Solution File, Format Version 12.00
# Visual Studio Version 17
VisualStudioVersion = 17.3.32929.385
MinimumVisualStudioVersion = 10.0.40219.1
Project("{9A19103F-16F7-4668-BE54-9A1E7A4F7556}") = "FileStorageAPI", "FileStorageAPI\FileStorageAPI.csproj", "{063FF3B5-A253-46A6-8283-94D5917DD1FC}"
EndProject
Project("{9A19103F-16F7-4668-BE54-9A1E7A4F7556}") = "FileStorageUnitTests", "FileStorageUnitTests\FileStorageUnitTests.csproj", "{0F4F9CE1-673D-4136-B55B-7CF66F4CCD0F}"
EndProject
Global
	GlobalSection(SolutionConfigurationPlatforms) = preSolution
		Debug|Any CPU = Debug|Any CPU
		Release|Any CPU = Release|Any CPU
	EndGlobalSection
	GlobalSection(ProjectConfigurationPlatforms) = postSolution
		{063FF3B5-A253-46A6-8283-94D5917DD1FC}.Debug|Any CPU.ActiveCfg = Debug|Any CPU
		{063FF3B5-A253-46A6-8283-94D5917DD1FC}.Debug|Any CPU.Build.0 = Debug|Any CPU
		{063FF3B5-A253-46A6-8283-94D5917DD1FC}.Release|Any CPU.ActiveCfg = Release|Any CPU
		{063FF3B5-A253-46A6-8283-94D5917DD1FC}.Release|Any CPU.Build.0 = Release|Any CPU
		{0F4F9CE1-673D-4136-B55B-7CF66F4CCD0F}.Debug|Any CPU.ActiveCfg = Debug|Any CPU
		{0F4F9CE1-673D-4136-B55B-7CF66F4CCD0F}.Debug|Any CPU.Build.0 = Debug|Any CPU
		{0F4F9CE1-673D-4136-B55B-7CF66F4CCD0F}.Release|Any CPU.ActiveCfg = Release|Any CPU
		{0F4F9CE1-673D-4136-B55B-7CF66F4CCD0F}.Release|Any CPU.Build.0 = Release|Any CPU
	EndGlobalSection
	GlobalSection(SolutionProperties) = preSolution
		HideSolutionNode = FALSE
	EndGlobalSection
	GlobalSection(ExtensibilityGlobals) = postSolution
		SolutionGuid = {388A8A99-9A2D-4481-8088-B819C3ED0D56}
	EndGlobalSection
EndGlobal
